# This file was autogenerated by Stack.
# You should not edit this file by hand.
# For more information, please see the documentation at:
#   https://docs.haskellstack.org/en/stable/lock_files

packages: []
snapshots:
- completed:
    size: 514362
    url: https://raw.githubusercontent.com/commercialhaskell/stackage-snapshots/master/nightly/2019/6/20.yaml
    sha256: 3a7ff946551a576963117ef926203e4d7b2366d7c0b577c080c3d35343f563b0
  original: nightly-2019-06-20
